// !$*UTF8*$!
{
	archiveVersion = 1;
	classes = {
	};
	objectVersion = 46;
	objects = {

/* Begin PBXBuildFile section */
		5DAB02966FE5DB454E683C08 /* Pods_findOut.framework in Frameworks */ = {isa = PBXBuildFile; fileRef = 4816455E3CD7AE089D908892 /* Pods_findOut.framework */; };
		941E4E541E466DD800A8863C /* RecordCell.swift in Sources */ = {isa = PBXBuildFile; fileRef = 941E4E531E466DD800A8863C /* RecordCell.swift */; };
		941E4E561E466E0C00A8863C /* RecordCell.xib in Resources */ = {isa = PBXBuildFile; fileRef = 941E4E551E466E0C00A8863C /* RecordCell.xib */; };
		941E4E581E4670ED00A8863C /* RecordsViewModel.swift in Sources */ = {isa = PBXBuildFile; fileRef = 941E4E571E4670ED00A8863C /* RecordsViewModel.swift */; };
		941E4E5B1E467E2E00A8863C /* ReusableView.swift in Sources */ = {isa = PBXBuildFile; fileRef = 941E4E5A1E467E2E00A8863C /* ReusableView.swift */; };
		941E4E5D1E467E7B00A8863C /* NibLoadableView.swift in Sources */ = {isa = PBXBuildFile; fileRef = 941E4E5C1E467E7B00A8863C /* NibLoadableView.swift */; };
		9424E7131E74831F003A0D13 /* UIView+Extensions.swift in Sources */ = {isa = PBXBuildFile; fileRef = 9424E7121E74831F003A0D13 /* UIView+Extensions.swift */; };
		943C32FA1E50AD02001B6ADD /* Optional.swift in Sources */ = {isa = PBXBuildFile; fileRef = 943C32F91E50AD02001B6ADD /* Optional.swift */; };
		943C32FC1E50BA29001B6ADD /* VKGroupType.swift in Sources */ = {isa = PBXBuildFile; fileRef = 943C32FB1E50BA29001B6ADD /* VKGroupType.swift */; };
		943C32FE1E50BA9D001B6ADD /* VKAgeLimit.swift in Sources */ = {isa = PBXBuildFile; fileRef = 943C32FD1E50BA9D001B6ADD /* VKAgeLimit.swift */; };
		943C33001E50BD1E001B6ADD /* Int+.swift in Sources */ = {isa = PBXBuildFile; fileRef = 943C32FF1E50BD1E001B6ADD /* Int+.swift */; };
		943C33031E50BE8B001B6ADD /* Localizable.strings in Resources */ = {isa = PBXBuildFile; fileRef = 943C33021E50BE8B001B6ADD /* Localizable.strings */; };
		943C330B1E50FC8D001B6ADD /* Bundle+.swift in Sources */ = {isa = PBXBuildFile; fileRef = 943C330A1E50FC8D001B6ADD /* Bundle+.swift */; };
		944732D61E45E89B009A0D59 /* VKService.swift in Sources */ = {isa = PBXBuildFile; fileRef = 944732D51E45E89B009A0D59 /* VKService.swift */; };
		944732DA1E4605D2009A0D59 /* VKWallResponse.swift in Sources */ = {isa = PBXBuildFile; fileRef = 944732D91E4605D2009A0D59 /* VKWallResponse.swift */; };
		944732DC1E460685009A0D59 /* VKWallRecord.swift in Sources */ = {isa = PBXBuildFile; fileRef = 944732DB1E460685009A0D59 /* VKWallRecord.swift */; };
		944732DE1E460853009A0D59 /* VKWallAttachment.swift in Sources */ = {isa = PBXBuildFile; fileRef = 944732DD1E460853009A0D59 /* VKWallAttachment.swift */; };
		944732E01E460B92009A0D59 /* VKCommentsInfo.swift in Sources */ = {isa = PBXBuildFile; fileRef = 944732DF1E460B92009A0D59 /* VKCommentsInfo.swift */; };
		944732E21E461384009A0D59 /* TimeStampTransform.swift in Sources */ = {isa = PBXBuildFile; fileRef = 944732E11E461384009A0D59 /* TimeStampTransform.swift */; };
		944732E61E4616C8009A0D59 /* VKLikesInfo.swift in Sources */ = {isa = PBXBuildFile; fileRef = 944732E51E4616C8009A0D59 /* VKLikesInfo.swift */; };
		944732E81E463B4E009A0D59 /* VKRepostsInfo.swift in Sources */ = {isa = PBXBuildFile; fileRef = 944732E71E463B4E009A0D59 /* VKRepostsInfo.swift */; };
		944732EA1E463D2B009A0D59 /* VKPostType.swift in Sources */ = {isa = PBXBuildFile; fileRef = 944732E91E463D2B009A0D59 /* VKPostType.swift */; };
		944732EC1E46421C009A0D59 /* VKAttachment.swift in Sources */ = {isa = PBXBuildFile; fileRef = 944732EB1E46421C009A0D59 /* VKAttachment.swift */; };
		944732EF1E4645D1009A0D59 /* VKPhoto.swift in Sources */ = {isa = PBXBuildFile; fileRef = 944732EE1E4645D1009A0D59 /* VKPhoto.swift */; };
		944732F11E46491B009A0D59 /* VKLink.swift in Sources */ = {isa = PBXBuildFile; fileRef = 944732F01E46491B009A0D59 /* VKLink.swift */; };
		944732F31E46496B009A0D59 /* URLTransform.swift in Sources */ = {isa = PBXBuildFile; fileRef = 944732F21E46496B009A0D59 /* URLTransform.swift */; };
		9454D82C1E4FBFFD0019355D /* VKGroupRequest.swift in Sources */ = {isa = PBXBuildFile; fileRef = 9454D82B1E4FBFFD0019355D /* VKGroupRequest.swift */; };
		947F171E1E465CEE007983DA /* RecordsModel.swift in Sources */ = {isa = PBXBuildFile; fileRef = 947F171D1E465CEE007983DA /* RecordsModel.swift */; };
		947F17201E465D19007983DA /* RecordsView.swift in Sources */ = {isa = PBXBuildFile; fileRef = 947F171F1E465D19007983DA /* RecordsView.swift */; };
		9482B8471E45152200FDB398 /* AppDelegate.swift in Sources */ = {isa = PBXBuildFile; fileRef = 9482B8461E45152200FDB398 /* AppDelegate.swift */; };
		9482B8491E45152200FDB398 /* RecordsViewController.swift in Sources */ = {isa = PBXBuildFile; fileRef = 9482B8481E45152200FDB398 /* RecordsViewController.swift */; };
		9482B84C1E45152200FDB398 /* Records.storyboard in Resources */ = {isa = PBXBuildFile; fileRef = 9482B84A1E45152200FDB398 /* Records.storyboard */; };
		9482B84E1E45152200FDB398 /* Assets.xcassets in Resources */ = {isa = PBXBuildFile; fileRef = 9482B84D1E45152200FDB398 /* Assets.xcassets */; };
		9482B8511E45152200FDB398 /* LaunchScreen.storyboard in Resources */ = {isa = PBXBuildFile; fileRef = 9482B84F1E45152200FDB398 /* LaunchScreen.storyboard */; };
		948AE8F91E47C0F70080B0DD /* RecordsScrollView.swift in Sources */ = {isa = PBXBuildFile; fileRef = 948AE8F81E47C0F70080B0DD /* RecordsScrollView.swift */; };
		948AE8FB1E47C1D80080B0DD /* RecordView.swift in Sources */ = {isa = PBXBuildFile; fileRef = 948AE8FA1E47C1D80080B0DD /* RecordView.swift */; };
		948AE8FD1E47C1EE0080B0DD /* RecordView.xib in Resources */ = {isa = PBXBuildFile; fileRef = 948AE8FC1E47C1EE0080B0DD /* RecordView.xib */; };
		948C422E1E4A496E00CDA4A6 /* LoginViewController.swift in Sources */ = {isa = PBXBuildFile; fileRef = 948C422D1E4A496E00CDA4A6 /* LoginViewController.swift */; };
		948C42311E4A498D00CDA4A6 /* LoginView.swift in Sources */ = {isa = PBXBuildFile; fileRef = 948C42301E4A498D00CDA4A6 /* LoginView.swift */; };
		948C42331E4A499A00CDA4A6 /* Login.storyboard in Resources */ = {isa = PBXBuildFile; fileRef = 948C42321E4A499A00CDA4A6 /* Login.storyboard */; };
		949A870C1E48DEBB004CB2AE /* ContainerViewController.swift in Sources */ = {isa = PBXBuildFile; fileRef = 949A870B1E48DEBB004CB2AE /* ContainerViewController.swift */; };
		949A87141E48E0B9004CB2AE /* MenuViewController.swift in Sources */ = {isa = PBXBuildFile; fileRef = 949A87131E48E0B9004CB2AE /* MenuViewController.swift */; };
		949A87161E48E652004CB2AE /* Menu.storyboard in Resources */ = {isa = PBXBuildFile; fileRef = 949A87151E48E652004CB2AE /* Menu.storyboard */; };
		949A87181E48E6EB004CB2AE /* GroupCell.xib in Resources */ = {isa = PBXBuildFile; fileRef = 949A87171E48E6EB004CB2AE /* GroupCell.xib */; };
		949A871A1E48E8A4004CB2AE /* GroupCell.swift in Sources */ = {isa = PBXBuildFile; fileRef = 949A87191E48E8A4004CB2AE /* GroupCell.swift */; };
		949A871D1E48EA95004CB2AE /* MenuTableView.swift in Sources */ = {isa = PBXBuildFile; fileRef = 949A871C1E48EA95004CB2AE /* MenuTableView.swift */; };
		949A871F1E48EB76004CB2AE /* MenuModel.swift in Sources */ = {isa = PBXBuildFile; fileRef = 949A871E1E48EB76004CB2AE /* MenuModel.swift */; };
		949A87211E48EE94004CB2AE /* MenuTableViewModel.swift in Sources */ = {isa = PBXBuildFile; fileRef = 949A87201E48EE94004CB2AE /* MenuTableViewModel.swift */; };
		94CE3F7C1E4A61BE004CF9FC /* ThrottleTap.swift in Sources */ = {isa = PBXBuildFile; fileRef = 94CE3F7B1E4A61BE004CF9FC /* ThrottleTap.swift */; };
		94CE3F7E1E4A6310004CF9FC /* LoginService.swift in Sources */ = {isa = PBXBuildFile; fileRef = 94CE3F7D1E4A6310004CF9FC /* LoginService.swift */; };
		94DE011C1E4FC50F0069AABE /* VKGroupRsponse.swift in Sources */ = {isa = PBXBuildFile; fileRef = 94DE011B1E4FC50F0069AABE /* VKGroupRsponse.swift */; };
		94E9BB711E4FAF5A007AC489 /* VKGroup.swift in Sources */ = {isa = PBXBuildFile; fileRef = 94E9BB701E4FAF5A007AC489 /* VKGroup.swift */; };
		94E9BB731E4FB5ED007AC489 /* VKGroupMembers.swift in Sources */ = {isa = PBXBuildFile; fileRef = 94E9BB721E4FB5ED007AC489 /* VKGroupMembers.swift */; };
		94E9BB751E4FB840007AC489 /* VKWallRequest.swift in Sources */ = {isa = PBXBuildFile; fileRef = 94E9BB741E4FB840007AC489 /* VKWallRequest.swift */; };
		94ED000C1E471F20008BA7A3 /* VKPostedPhoto.swift in Sources */ = {isa = PBXBuildFile; fileRef = 94ED000B1E471F20008BA7A3 /* VKPostedPhoto.swift */; };
		94ED000E1E476E38008BA7A3 /* VKDoc.swift in Sources */ = {isa = PBXBuildFile; fileRef = 94ED000D1E476E38008BA7A3 /* VKDoc.swift */; };
/* End PBXBuildFile section */

/* Begin PBXFileReference section */
		1B21D9AF5C26D42660618753 /* Pods-findOut.debug.xcconfig */ = {isa = PBXFileReference; includeInIndex = 1; lastKnownFileType = text.xcconfig; name = "Pods-findOut.debug.xcconfig"; path = "Pods/Target Support Files/Pods-findOut/Pods-findOut.debug.xcconfig"; sourceTree = "<group>"; };
		4816455E3CD7AE089D908892 /* Pods_findOut.framework */ = {isa = PBXFileReference; explicitFileType = wrapper.framework; includeInIndex = 0; path = Pods_findOut.framework; sourceTree = BUILT_PRODUCTS_DIR; };
		941E4E531E466DD800A8863C /* RecordCell.swift */ = {isa = PBXFileReference; fileEncoding = 4; lastKnownFileType = sourcecode.swift; path = RecordCell.swift; sourceTree = "<group>"; };
		941E4E551E466E0C00A8863C /* RecordCell.xib */ = {isa = PBXFileReference; fileEncoding = 4; lastKnownFileType = file.xib; path = RecordCell.xib; sourceTree = "<group>"; };
		941E4E571E4670ED00A8863C /* RecordsViewModel.swift */ = {isa = PBXFileReference; fileEncoding = 4; lastKnownFileType = sourcecode.swift; path = RecordsViewModel.swift; sourceTree = "<group>"; };
		941E4E5A1E467E2E00A8863C /* ReusableView.swift */ = {isa = PBXFileReference; fileEncoding = 4; lastKnownFileType = sourcecode.swift; path = ReusableView.swift; sourceTree = "<group>"; };
		941E4E5C1E467E7B00A8863C /* NibLoadableView.swift */ = {isa = PBXFileReference; fileEncoding = 4; lastKnownFileType = sourcecode.swift; path = NibLoadableView.swift; sourceTree = "<group>"; };
		9424E7121E74831F003A0D13 /* UIView+Extensions.swift */ = {isa = PBXFileReference; fileEncoding = 4; lastKnownFileType = sourcecode.swift; path = "UIView+Extensions.swift"; sourceTree = "<group>"; };
		943C32F91E50AD02001B6ADD /* Optional.swift */ = {isa = PBXFileReference; fileEncoding = 4; lastKnownFileType = sourcecode.swift; path = Optional.swift; sourceTree = "<group>"; };
		943C32FB1E50BA29001B6ADD /* VKGroupType.swift */ = {isa = PBXFileReference; fileEncoding = 4; lastKnownFileType = sourcecode.swift; path = VKGroupType.swift; sourceTree = "<group>"; };
		943C32FD1E50BA9D001B6ADD /* VKAgeLimit.swift */ = {isa = PBXFileReference; fileEncoding = 4; lastKnownFileType = sourcecode.swift; path = VKAgeLimit.swift; sourceTree = "<group>"; };
		943C32FF1E50BD1E001B6ADD /* Int+.swift */ = {isa = PBXFileReference; fileEncoding = 4; lastKnownFileType = sourcecode.swift; path = "Int+.swift"; sourceTree = "<group>"; };
		943C33021E50BE8B001B6ADD /* Localizable.strings */ = {isa = PBXFileReference; fileEncoding = 4; lastKnownFileType = text.plist.strings; path = Localizable.strings; sourceTree = "<group>"; };
		943C330A1E50FC8D001B6ADD /* Bundle+.swift */ = {isa = PBXFileReference; fileEncoding = 4; lastKnownFileType = sourcecode.swift; path = "Bundle+.swift"; sourceTree = "<group>"; };
		944732D51E45E89B009A0D59 /* VKService.swift */ = {isa = PBXFileReference; fileEncoding = 4; lastKnownFileType = sourcecode.swift; path = VKService.swift; sourceTree = "<group>"; };
		944732D91E4605D2009A0D59 /* VKWallResponse.swift */ = {isa = PBXFileReference; fileEncoding = 4; lastKnownFileType = sourcecode.swift; path = VKWallResponse.swift; sourceTree = "<group>"; };
		944732DB1E460685009A0D59 /* VKWallRecord.swift */ = {isa = PBXFileReference; fileEncoding = 4; lastKnownFileType = sourcecode.swift; path = VKWallRecord.swift; sourceTree = "<group>"; };
		944732DD1E460853009A0D59 /* VKWallAttachment.swift */ = {isa = PBXFileReference; fileEncoding = 4; lastKnownFileType = sourcecode.swift; path = VKWallAttachment.swift; sourceTree = "<group>"; };
		944732DF1E460B92009A0D59 /* VKCommentsInfo.swift */ = {isa = PBXFileReference; fileEncoding = 4; lastKnownFileType = sourcecode.swift; path = VKCommentsInfo.swift; sourceTree = "<group>"; };
		944732E11E461384009A0D59 /* TimeStampTransform.swift */ = {isa = PBXFileReference; fileEncoding = 4; lastKnownFileType = sourcecode.swift; path = TimeStampTransform.swift; sourceTree = "<group>"; };
		944732E51E4616C8009A0D59 /* VKLikesInfo.swift */ = {isa = PBXFileReference; fileEncoding = 4; lastKnownFileType = sourcecode.swift; path = VKLikesInfo.swift; sourceTree = "<group>"; };
		944732E71E463B4E009A0D59 /* VKRepostsInfo.swift */ = {isa = PBXFileReference; fileEncoding = 4; lastKnownFileType = sourcecode.swift; path = VKRepostsInfo.swift; sourceTree = "<group>"; };
		944732E91E463D2B009A0D59 /* VKPostType.swift */ = {isa = PBXFileReference; fileEncoding = 4; lastKnownFileType = sourcecode.swift; path = VKPostType.swift; sourceTree = "<group>"; };
		944732EB1E46421C009A0D59 /* VKAttachment.swift */ = {isa = PBXFileReference; fileEncoding = 4; lastKnownFileType = sourcecode.swift; path = VKAttachment.swift; sourceTree = "<group>"; };
		944732EE1E4645D1009A0D59 /* VKPhoto.swift */ = {isa = PBXFileReference; fileEncoding = 4; lastKnownFileType = sourcecode.swift; path = VKPhoto.swift; sourceTree = "<group>"; };
		944732F01E46491B009A0D59 /* VKLink.swift */ = {isa = PBXFileReference; fileEncoding = 4; lastKnownFileType = sourcecode.swift; path = VKLink.swift; sourceTree = "<group>"; };
		944732F21E46496B009A0D59 /* URLTransform.swift */ = {isa = PBXFileReference; fileEncoding = 4; lastKnownFileType = sourcecode.swift; path = URLTransform.swift; sourceTree = "<group>"; };
		9454D82B1E4FBFFD0019355D /* VKGroupRequest.swift */ = {isa = PBXFileReference; fileEncoding = 4; lastKnownFileType = sourcecode.swift; path = VKGroupRequest.swift; sourceTree = "<group>"; };
		947F171D1E465CEE007983DA /* RecordsModel.swift */ = {isa = PBXFileReference; fileEncoding = 4; lastKnownFileType = sourcecode.swift; path = RecordsModel.swift; sourceTree = "<group>"; };
		947F171F1E465D19007983DA /* RecordsView.swift */ = {isa = PBXFileReference; fileEncoding = 4; lastKnownFileType = sourcecode.swift; path = RecordsView.swift; sourceTree = "<group>"; };
		9482B8431E45152200FDB398 /* findOut.app */ = {isa = PBXFileReference; explicitFileType = wrapper.application; includeInIndex = 0; path = findOut.app; sourceTree = BUILT_PRODUCTS_DIR; };
		9482B8461E45152200FDB398 /* AppDelegate.swift */ = {isa = PBXFileReference; lastKnownFileType = sourcecode.swift; path = AppDelegate.swift; sourceTree = "<group>"; };
		9482B8481E45152200FDB398 /* RecordsViewController.swift */ = {isa = PBXFileReference; lastKnownFileType = sourcecode.swift; path = RecordsViewController.swift; sourceTree = "<group>"; };
		9482B84B1E45152200FDB398 /* Base */ = {isa = PBXFileReference; lastKnownFileType = file.storyboard; name = Base; path = Base.lproj/Records.storyboard; sourceTree = "<group>"; };
		9482B84D1E45152200FDB398 /* Assets.xcassets */ = {isa = PBXFileReference; lastKnownFileType = folder.assetcatalog; path = Assets.xcassets; sourceTree = "<group>"; };
		9482B8501E45152200FDB398 /* Base */ = {isa = PBXFileReference; lastKnownFileType = file.storyboard; name = Base; path = Base.lproj/LaunchScreen.storyboard; sourceTree = "<group>"; };
		9482B8521E45152200FDB398 /* Info.plist */ = {isa = PBXFileReference; lastKnownFileType = text.plist.xml; path = Info.plist; sourceTree = "<group>"; };
		948AE8F81E47C0F70080B0DD /* RecordsScrollView.swift */ = {isa = PBXFileReference; fileEncoding = 4; lastKnownFileType = sourcecode.swift; path = RecordsScrollView.swift; sourceTree = "<group>"; };
		948AE8FA1E47C1D80080B0DD /* RecordView.swift */ = {isa = PBXFileReference; fileEncoding = 4; lastKnownFileType = sourcecode.swift; path = RecordView.swift; sourceTree = "<group>"; };
		948AE8FC1E47C1EE0080B0DD /* RecordView.xib */ = {isa = PBXFileReference; fileEncoding = 4; lastKnownFileType = file.xib; path = RecordView.xib; sourceTree = "<group>"; };
		948C422D1E4A496E00CDA4A6 /* LoginViewController.swift */ = {isa = PBXFileReference; fileEncoding = 4; lastKnownFileType = sourcecode.swift; path = LoginViewController.swift; sourceTree = "<group>"; };
		948C42301E4A498D00CDA4A6 /* LoginView.swift */ = {isa = PBXFileReference; fileEncoding = 4; lastKnownFileType = sourcecode.swift; path = LoginView.swift; sourceTree = "<group>"; };
		948C42321E4A499A00CDA4A6 /* Login.storyboard */ = {isa = PBXFileReference; fileEncoding = 4; lastKnownFileType = file.storyboard; path = Login.storyboard; sourceTree = "<group>"; };
		949A870B1E48DEBB004CB2AE /* ContainerViewController.swift */ = {isa = PBXFileReference; fileEncoding = 4; lastKnownFileType = sourcecode.swift; path = ContainerViewController.swift; sourceTree = "<group>"; };
		949A87131E48E0B9004CB2AE /* MenuViewController.swift */ = {isa = PBXFileReference; fileEncoding = 4; lastKnownFileType = sourcecode.swift; path = MenuViewController.swift; sourceTree = "<group>"; };
		949A87151E48E652004CB2AE /* Menu.storyboard */ = {isa = PBXFileReference; fileEncoding = 4; lastKnownFileType = file.storyboard; path = Menu.storyboard; sourceTree = "<group>"; };
		949A87171E48E6EB004CB2AE /* GroupCell.xib */ = {isa = PBXFileReference; fileEncoding = 4; lastKnownFileType = file.xib; path = GroupCell.xib; sourceTree = "<group>"; };
		949A87191E48E8A4004CB2AE /* GroupCell.swift */ = {isa = PBXFileReference; fileEncoding = 4; lastKnownFileType = sourcecode.swift; path = GroupCell.swift; sourceTree = "<group>"; };
		949A871C1E48EA95004CB2AE /* MenuTableView.swift */ = {isa = PBXFileReference; fileEncoding = 4; lastKnownFileType = sourcecode.swift; path = MenuTableView.swift; sourceTree = "<group>"; };
		949A871E1E48EB76004CB2AE /* MenuModel.swift */ = {isa = PBXFileReference; fileEncoding = 4; lastKnownFileType = sourcecode.swift; path = MenuModel.swift; sourceTree = "<group>"; };
		949A87201E48EE94004CB2AE /* MenuTableViewModel.swift */ = {isa = PBXFileReference; fileEncoding = 4; lastKnownFileType = sourcecode.swift; path = MenuTableViewModel.swift; sourceTree = "<group>"; };
		94CE3F7B1E4A61BE004CF9FC /* ThrottleTap.swift */ = {isa = PBXFileReference; fileEncoding = 4; lastKnownFileType = sourcecode.swift; path = ThrottleTap.swift; sourceTree = "<group>"; };
		94CE3F7D1E4A6310004CF9FC /* LoginService.swift */ = {isa = PBXFileReference; fileEncoding = 4; lastKnownFileType = sourcecode.swift; path = LoginService.swift; sourceTree = "<group>"; };
		94DE011B1E4FC50F0069AABE /* VKGroupRsponse.swift */ = {isa = PBXFileReference; fileEncoding = 4; lastKnownFileType = sourcecode.swift; path = VKGroupRsponse.swift; sourceTree = "<group>"; };
		94E9BB701E4FAF5A007AC489 /* VKGroup.swift */ = {isa = PBXFileReference; fileEncoding = 4; lastKnownFileType = sourcecode.swift; path = VKGroup.swift; sourceTree = "<group>"; };
		94E9BB721E4FB5ED007AC489 /* VKGroupMembers.swift */ = {isa = PBXFileReference; fileEncoding = 4; lastKnownFileType = sourcecode.swift; path = VKGroupMembers.swift; sourceTree = "<group>"; };
		94E9BB741E4FB840007AC489 /* VKWallRequest.swift */ = {isa = PBXFileReference; fileEncoding = 4; lastKnownFileType = sourcecode.swift; path = VKWallRequest.swift; sourceTree = "<group>"; };
		94ED000B1E471F20008BA7A3 /* VKPostedPhoto.swift */ = {isa = PBXFileReference; fileEncoding = 4; lastKnownFileType = sourcecode.swift; path = VKPostedPhoto.swift; sourceTree = "<group>"; };
		94ED000D1E476E38008BA7A3 /* VKDoc.swift */ = {isa = PBXFileReference; fileEncoding = 4; lastKnownFileType = sourcecode.swift; path = VKDoc.swift; sourceTree = "<group>"; };
		9EDAB7E963B76FA9D6F28122 /* Pods-findOut.release.xcconfig */ = {isa = PBXFileReference; includeInIndex = 1; lastKnownFileType = text.xcconfig; name = "Pods-findOut.release.xcconfig"; path = "Pods/Target Support Files/Pods-findOut/Pods-findOut.release.xcconfig"; sourceTree = "<group>"; };
/* End PBXFileReference section */

/* Begin PBXFrameworksBuildPhase section */
		9482B8401E45152200FDB398 /* Frameworks */ = {
			isa = PBXFrameworksBuildPhase;
			buildActionMask = 2147483647;
			files = (
				5DAB02966FE5DB454E683C08 /* Pods_findOut.framework in Frameworks */,
			);
			runOnlyForDeploymentPostprocessing = 0;
		};
/* End PBXFrameworksBuildPhase section */

/* Begin PBXGroup section */
		86BD271847EA266518904B1E /* Frameworks */ = {
			isa = PBXGroup;
			children = (
				4816455E3CD7AE089D908892 /* Pods_findOut.framework */,
			);
			name = Frameworks;
			sourceTree = "<group>";
		};
		941E4E521E466D5500A8863C /* Cells */ = {
			isa = PBXGroup;
			children = (
				941E4E531E466DD800A8863C /* RecordCell.swift */,
				941E4E551E466E0C00A8863C /* RecordCell.xib */,
				948AE8FA1E47C1D80080B0DD /* RecordView.swift */,
				948AE8FC1E47C1EE0080B0DD /* RecordView.xib */,
			);
			path = Cells;
			sourceTree = "<group>";
		};
		941E4E591E467DF700A8863C /* Common */ = {
			isa = PBXGroup;
			children = (
				943C330A1E50FC8D001B6ADD /* Bundle+.swift */,
				943C32FF1E50BD1E001B6ADD /* Int+.swift */,
				941E4E5C1E467E7B00A8863C /* NibLoadableView.swift */,
				943C32F91E50AD02001B6ADD /* Optional.swift */,
				941E4E5A1E467E2E00A8863C /* ReusableView.swift */,
				94CE3F7B1E4A61BE004CF9FC /* ThrottleTap.swift */,
				9424E7121E74831F003A0D13 /* UIView+Extensions.swift */,
			);
			path = Common;
			sourceTree = "<group>";
		};
		943C33041E50EE4F001B6ADD /* MenuTableView */ = {
			isa = PBXGroup;
			children = (
				949A871C1E48EA95004CB2AE /* MenuTableView.swift */,
				949A87201E48EE94004CB2AE /* MenuTableViewModel.swift */,
			);
			path = MenuTableView;
			sourceTree = "<group>";
		};
		944732D41E45E887009A0D59 /* Services */ = {
			isa = PBXGroup;
			children = (
				94CE3F7D1E4A6310004CF9FC /* LoginService.swift */,
				944732D51E45E89B009A0D59 /* VKService.swift */,
			);
			path = Services;
			sourceTree = "<group>";
		};
		944732D71E460589009A0D59 /* VK */ = {
			isa = PBXGroup;
			children = (
				944732D81E4605A0009A0D59 /* Models */,
			);
			path = VK;
			sourceTree = "<group>";
		};
		944732D81E4605A0009A0D59 /* Models */ = {
			isa = PBXGroup;
			children = (
				944732E31E46168E009A0D59 /* Data */,
				94E9BB761E4FB88A007AC489 /* Requests */,
				944732E41E4616AB009A0D59 /* Transforms */,
			);
			path = Models;
			sourceTree = "<group>";
		};
		944732E31E46168E009A0D59 /* Data */ = {
			isa = PBXGroup;
			children = (
				944732ED1E4645C0009A0D59 /* Attachment */,
				94E9BB6F1E4FAF1F007AC489 /* Group */,
				94E9BB6E1E4FAEF9007AC489 /* Wall */,
				944732DF1E460B92009A0D59 /* VKCommentsInfo.swift */,
				944732E51E4616C8009A0D59 /* VKLikesInfo.swift */,
				944732E71E463B4E009A0D59 /* VKRepostsInfo.swift */,
			);
			path = Data;
			sourceTree = "<group>";
		};
		944732E41E4616AB009A0D59 /* Transforms */ = {
			isa = PBXGroup;
			children = (
				944732E11E461384009A0D59 /* TimeStampTransform.swift */,
				944732F21E46496B009A0D59 /* URLTransform.swift */,
			);
			path = Transforms;
			sourceTree = "<group>";
		};
		944732ED1E4645C0009A0D59 /* Attachment */ = {
			isa = PBXGroup;
			children = (
				944732EB1E46421C009A0D59 /* VKAttachment.swift */,
				94ED000D1E476E38008BA7A3 /* VKDoc.swift */,
				944732F01E46491B009A0D59 /* VKLink.swift */,
				944732EE1E4645D1009A0D59 /* VKPhoto.swift */,
				94ED000B1E471F20008BA7A3 /* VKPostedPhoto.swift */,
			);
			path = Attachment;
			sourceTree = "<group>";
		};
		9454D82A1E4FBFDE0019355D /* Group */ = {
			isa = PBXGroup;
			children = (
				9454D82B1E4FBFFD0019355D /* VKGroupRequest.swift */,
				94DE011B1E4FC50F0069AABE /* VKGroupRsponse.swift */,
			);
			path = Group;
			sourceTree = "<group>";
		};
		947F171A1E465C86007983DA /* Modules */ = {
			isa = PBXGroup;
			children = (
				94CE3F7A1E4A4DC3004CF9FC /* Launch */,
				948C422C1E4A494B00CDA4A6 /* Login */,
				949A87111E48E095004CB2AE /* Menu */,
				947F171B1E465C98007983DA /* Records */,
				949A870B1E48DEBB004CB2AE /* ContainerViewController.swift */,
			);
			path = Modules;
			sourceTree = "<group>";
		};
		947F171B1E465C98007983DA /* Records */ = {
			isa = PBXGroup;
			children = (
				947F171C1E465CD6007983DA /* View */,
				947F171D1E465CEE007983DA /* RecordsModel.swift */,
				9482B8481E45152200FDB398 /* RecordsViewController.swift */,
			);
			path = Records;
			sourceTree = "<group>";
		};
		947F171C1E465CD6007983DA /* View */ = {
			isa = PBXGroup;
			children = (
				941E4E521E466D5500A8863C /* Cells */,
				9482B84A1E45152200FDB398 /* Records.storyboard */,
				948AE8F81E47C0F70080B0DD /* RecordsScrollView.swift */,
				947F171F1E465D19007983DA /* RecordsView.swift */,
				941E4E571E4670ED00A8863C /* RecordsViewModel.swift */,
			);
			path = View;
			sourceTree = "<group>";
		};
		9482B83A1E45152200FDB398 = {
			isa = PBXGroup;
			children = (
				86BD271847EA266518904B1E /* Frameworks */,
				F95E70A8500AAFC013F1A963 /* Pods */,
				9482B8441E45152200FDB398 /* Products */,
				94CE3F791E4A4D6D004CF9FC /* Supporting Files */,
				944732D71E460589009A0D59 /* VK */,
				9482B8451E45152200FDB398 /* findOut */,
			);
			sourceTree = "<group>";
		};
		9482B8441E45152200FDB398 /* Products */ = {
			isa = PBXGroup;
			children = (
				9482B8431E45152200FDB398 /* findOut.app */,
			);
			name = Products;
			sourceTree = "<group>";
		};
		9482B8451E45152200FDB398 /* findOut */ = {
			isa = PBXGroup;
			children = (
				941E4E591E467DF700A8863C /* Common */,
				947F171A1E465C86007983DA /* Modules */,
				944732D41E45E887009A0D59 /* Services */,
				9482B8461E45152200FDB398 /* AppDelegate.swift */,
			);
			path = findOut;
			sourceTree = "<group>";
		};
		948C422C1E4A494B00CDA4A6 /* Login */ = {
			isa = PBXGroup;
			children = (
				948C422F1E4A497C00CDA4A6 /* View */,
				948C422D1E4A496E00CDA4A6 /* LoginViewController.swift */,
			);
			path = Login;
			sourceTree = "<group>";
		};
		948C422F1E4A497C00CDA4A6 /* View */ = {
			isa = PBXGroup;
			children = (
				948C42321E4A499A00CDA4A6 /* Login.storyboard */,
				948C42301E4A498D00CDA4A6 /* LoginView.swift */,
			);
			path = View;
			sourceTree = "<group>";
		};
		949A87111E48E095004CB2AE /* Menu */ = {
			isa = PBXGroup;
			children = (
				949A87121E48E0A9004CB2AE /* View */,
				949A871E1E48EB76004CB2AE /* MenuModel.swift */,
				949A87131E48E0B9004CB2AE /* MenuViewController.swift */,
			);
			path = Menu;
			sourceTree = "<group>";
		};
		949A87121E48E0A9004CB2AE /* View */ = {
			isa = PBXGroup;
			children = (
				949A871B1E48EA5A004CB2AE /* Cell */,
				943C33041E50EE4F001B6ADD /* MenuTableView */,
				949A87151E48E652004CB2AE /* Menu.storyboard */,
			);
			path = View;
			sourceTree = "<group>";
		};
		949A871B1E48EA5A004CB2AE /* Cell */ = {
			isa = PBXGroup;
			children = (
				949A87191E48E8A4004CB2AE /* GroupCell.swift */,
				949A87171E48E6EB004CB2AE /* GroupCell.xib */,
			);
			path = Cell;
			sourceTree = "<group>";
		};
		94CE3F791E4A4D6D004CF9FC /* Supporting Files */ = {
			isa = PBXGroup;
			children = (
				9482B84D1E45152200FDB398 /* Assets.xcassets */,
				9482B8521E45152200FDB398 /* Info.plist */,
				943C33021E50BE8B001B6ADD /* Localizable.strings */,
			);
			path = "Supporting Files";
			sourceTree = "<group>";
		};
		94CE3F7A1E4A4DC3004CF9FC /* Launch */ = {
			isa = PBXGroup;
			children = (
				9482B84F1E45152200FDB398 /* LaunchScreen.storyboard */,
			);
			path = Launch;
			sourceTree = "<group>";
		};
		94E9BB6E1E4FAEF9007AC489 /* Wall */ = {
			isa = PBXGroup;
			children = (
				944732E91E463D2B009A0D59 /* VKPostType.swift */,
				944732DD1E460853009A0D59 /* VKWallAttachment.swift */,
				944732DB1E460685009A0D59 /* VKWallRecord.swift */,
			);
			path = Wall;
			sourceTree = "<group>";
		};
		94E9BB6F1E4FAF1F007AC489 /* Group */ = {
			isa = PBXGroup;
			children = (
				943C32FD1E50BA9D001B6ADD /* VKAgeLimit.swift */,
				94E9BB701E4FAF5A007AC489 /* VKGroup.swift */,
				94E9BB721E4FB5ED007AC489 /* VKGroupMembers.swift */,
				943C32FB1E50BA29001B6ADD /* VKGroupType.swift */,
			);
			path = Group;
			sourceTree = "<group>";
		};
		94E9BB761E4FB88A007AC489 /* Requests */ = {
			isa = PBXGroup;
			children = (
				9454D82A1E4FBFDE0019355D /* Group */,
				94E9BB771E4FB89F007AC489 /* Wall */,
			);
			path = Requests;
			sourceTree = "<group>";
		};
		94E9BB771E4FB89F007AC489 /* Wall */ = {
			isa = PBXGroup;
			children = (
				94E9BB741E4FB840007AC489 /* VKWallRequest.swift */,
				944732D91E4605D2009A0D59 /* VKWallResponse.swift */,
			);
			path = Wall;
			sourceTree = "<group>";
		};
		F95E70A8500AAFC013F1A963 /* Pods */ = {
			isa = PBXGroup;
			children = (
				1B21D9AF5C26D42660618753 /* Pods-findOut.debug.xcconfig */,
				9EDAB7E963B76FA9D6F28122 /* Pods-findOut.release.xcconfig */,
			);
			name = Pods;
			sourceTree = "<group>";
		};
/* End PBXGroup section */

/* Begin PBXNativeTarget section */
		9482B8421E45152200FDB398 /* findOut */ = {
			isa = PBXNativeTarget;
			buildConfigurationList = 9482B8551E45152200FDB398 /* Build configuration list for PBXNativeTarget "findOut" */;
			buildPhases = (
				43C8F04A1E0F4F543D19777A /* [CP] Check Pods Manifest.lock */,
				943251301E5B7F8E00A0B5E3 /* SwiftLint */,
				9482B83F1E45152200FDB398 /* Sources */,
				9482B8401E45152200FDB398 /* Frameworks */,
				9482B8411E45152200FDB398 /* Resources */,
				7C744F14C187134AA8ECCF46 /* [CP] Embed Pods Frameworks */,
				D68024E5325DD0763B50DD40 /* [CP] Copy Pods Resources */,
			);
			buildRules = (
			);
			dependencies = (
			);
			name = findOut;
			productName = findOut;
			productReference = 9482B8431E45152200FDB398 /* findOut.app */;
			productType = "com.apple.product-type.application";
		};
/* End PBXNativeTarget section */

/* Begin PBXProject section */
		9482B83B1E45152200FDB398 /* Project object */ = {
			isa = PBXProject;
			attributes = {
				LastSwiftUpdateCheck = 0820;
				LastUpgradeCheck = 0820;
				ORGANIZATIONNAME = Personal;
				TargetAttributes = {
					9482B8421E45152200FDB398 = {
						CreatedOnToolsVersion = 8.2;
						DevelopmentTeam = HQ576M92UA;
						ProvisioningStyle = Automatic;
					};
				};
			};
			buildConfigurationList = 9482B83E1E45152200FDB398 /* Build configuration list for PBXProject "findOut" */;
			compatibilityVersion = "Xcode 3.2";
			developmentRegion = English;
			hasScannedForEncodings = 0;
			knownRegions = (
				en,
				Base,
			);
			mainGroup = 9482B83A1E45152200FDB398;
			productRefGroup = 9482B8441E45152200FDB398 /* Products */;
			projectDirPath = "";
			projectRoot = "";
			targets = (
				9482B8421E45152200FDB398 /* findOut */,
			);
		};
/* End PBXProject section */

/* Begin PBXResourcesBuildPhase section */
		9482B8411E45152200FDB398 /* Resources */ = {
			isa = PBXResourcesBuildPhase;
			buildActionMask = 2147483647;
			files = (
				948C42331E4A499A00CDA4A6 /* Login.storyboard in Resources */,
				948AE8FD1E47C1EE0080B0DD /* RecordView.xib in Resources */,
				941E4E561E466E0C00A8863C /* RecordCell.xib in Resources */,
				9482B8511E45152200FDB398 /* LaunchScreen.storyboard in Resources */,
				943C33031E50BE8B001B6ADD /* Localizable.strings in Resources */,
				949A87161E48E652004CB2AE /* Menu.storyboard in Resources */,
				9482B84E1E45152200FDB398 /* Assets.xcassets in Resources */,
				949A87181E48E6EB004CB2AE /* GroupCell.xib in Resources */,
				9482B84C1E45152200FDB398 /* Records.storyboard in Resources */,
			);
			runOnlyForDeploymentPostprocessing = 0;
		};
/* End PBXResourcesBuildPhase section */

/* Begin PBXShellScriptBuildPhase section */
		43C8F04A1E0F4F543D19777A /* [CP] Check Pods Manifest.lock */ = {
			isa = PBXShellScriptBuildPhase;
			buildActionMask = 2147483647;
			files = (
			);
			inputPaths = (
			);
			name = "[CP] Check Pods Manifest.lock";
			outputPaths = (
			);
			runOnlyForDeploymentPostprocessing = 0;
			shellPath = /bin/sh;
			shellScript = "diff \"${PODS_ROOT}/../Podfile.lock\" \"${PODS_ROOT}/Manifest.lock\" > /dev/null\nif [ $? != 0 ] ; then\n    # print error to STDERR\n    echo \"error: The sandbox is not in sync with the Podfile.lock. Run 'pod install' or update your CocoaPods installation.\" >&2\n    exit 1\nfi\n";
			showEnvVarsInLog = 0;
		};
		7C744F14C187134AA8ECCF46 /* [CP] Embed Pods Frameworks */ = {
			isa = PBXShellScriptBuildPhase;
			buildActionMask = 2147483647;
			files = (
			);
			inputPaths = (
			);
			name = "[CP] Embed Pods Frameworks";
			outputPaths = (
			);
			runOnlyForDeploymentPostprocessing = 0;
			shellPath = /bin/sh;
			shellScript = "\"${SRCROOT}/Pods/Target Support Files/Pods-findOut/Pods-findOut-frameworks.sh\"\n";
			showEnvVarsInLog = 0;
		};
		943251301E5B7F8E00A0B5E3 /* SwiftLint */ = {
			isa = PBXShellScriptBuildPhase;
			buildActionMask = 2147483647;
			files = (
			);
			inputPaths = (
			);
			name = SwiftLint;
			outputPaths = (
			);
			runOnlyForDeploymentPostprocessing = 0;
			shellPath = /bin/sh;
			shellScript = "if which swiftlint >/dev/null; then\n  swiftlint autocorrect\n  swiftlint\nelse\n  echo \"warning: SwiftLint not installed, download from https://github.com/realm/SwiftLint\"\nfi";
		};
		D68024E5325DD0763B50DD40 /* [CP] Copy Pods Resources */ = {
			isa = PBXShellScriptBuildPhase;
			buildActionMask = 2147483647;
			files = (
			);
			inputPaths = (
			);
			name = "[CP] Copy Pods Resources";
			outputPaths = (
			);
			runOnlyForDeploymentPostprocessing = 0;
			shellPath = /bin/sh;
			shellScript = "\"${SRCROOT}/Pods/Target Support Files/Pods-findOut/Pods-findOut-resources.sh\"\n";
			showEnvVarsInLog = 0;
		};
/* End PBXShellScriptBuildPhase section */

/* Begin PBXSourcesBuildPhase section */
		9482B83F1E45152200FDB398 /* Sources */ = {
			isa = PBXSourcesBuildPhase;
			buildActionMask = 2147483647;
			files = (
				943C32FE1E50BA9D001B6ADD /* VKAgeLimit.swift in Sources */,
				941E4E581E4670ED00A8863C /* RecordsViewModel.swift in Sources */,
				9482B8491E45152200FDB398 /* RecordsViewController.swift in Sources */,
				949A871F1E48EB76004CB2AE /* MenuModel.swift in Sources */,
				949A870C1E48DEBB004CB2AE /* ContainerViewController.swift in Sources */,
				949A87211E48EE94004CB2AE /* MenuTableViewModel.swift in Sources */,
				944732DE1E460853009A0D59 /* VKWallAttachment.swift in Sources */,
				944732DC1E460685009A0D59 /* VKWallRecord.swift in Sources */,
				944732EC1E46421C009A0D59 /* VKAttachment.swift in Sources */,
				944732E21E461384009A0D59 /* TimeStampTransform.swift in Sources */,
				949A871A1E48E8A4004CB2AE /* GroupCell.swift in Sources */,
				94E9BB751E4FB840007AC489 /* VKWallRequest.swift in Sources */,
				948AE8F91E47C0F70080B0DD /* RecordsScrollView.swift in Sources */,
				94CE3F7C1E4A61BE004CF9FC /* ThrottleTap.swift in Sources */,
				944732F31E46496B009A0D59 /* URLTransform.swift in Sources */,
				948C422E1E4A496E00CDA4A6 /* LoginViewController.swift in Sources */,
				944732E01E460B92009A0D59 /* VKCommentsInfo.swift in Sources */,
				944732E61E4616C8009A0D59 /* VKLikesInfo.swift in Sources */,
				943C32FA1E50AD02001B6ADD /* Optional.swift in Sources */,
				947F171E1E465CEE007983DA /* RecordsModel.swift in Sources */,
				9424E7131E74831F003A0D13 /* UIView+Extensions.swift in Sources */,
				943C32FC1E50BA29001B6ADD /* VKGroupType.swift in Sources */,
				94ED000C1E471F20008BA7A3 /* VKPostedPhoto.swift in Sources */,
				944732EA1E463D2B009A0D59 /* VKPostType.swift in Sources */,
				941E4E5B1E467E2E00A8863C /* ReusableView.swift in Sources */,
				941E4E541E466DD800A8863C /* RecordCell.swift in Sources */,
				94E9BB731E4FB5ED007AC489 /* VKGroupMembers.swift in Sources */,
				94DE011C1E4FC50F0069AABE /* VKGroupRsponse.swift in Sources */,
				949A871D1E48EA95004CB2AE /* MenuTableView.swift in Sources */,
				944732F11E46491B009A0D59 /* VKLink.swift in Sources */,
				9482B8471E45152200FDB398 /* AppDelegate.swift in Sources */,
				947F17201E465D19007983DA /* RecordsView.swift in Sources */,
				943C33001E50BD1E001B6ADD /* Int+.swift in Sources */,
				944732EF1E4645D1009A0D59 /* VKPhoto.swift in Sources */,
				94ED000E1E476E38008BA7A3 /* VKDoc.swift in Sources */,
				94CE3F7E1E4A6310004CF9FC /* LoginService.swift in Sources */,
				944732DA1E4605D2009A0D59 /* VKWallResponse.swift in Sources */,
				949A87141E48E0B9004CB2AE /* MenuViewController.swift in Sources */,
				941E4E5D1E467E7B00A8863C /* NibLoadableView.swift in Sources */,
				9454D82C1E4FBFFD0019355D /* VKGroupRequest.swift in Sources */,
				944732D61E45E89B009A0D59 /* VKService.swift in Sources */,
				948C42311E4A498D00CDA4A6 /* LoginView.swift in Sources */,
				948AE8FB1E47C1D80080B0DD /* RecordView.swift in Sources */,
				943C330B1E50FC8D001B6ADD /* Bundle+.swift in Sources */,
				94E9BB711E4FAF5A007AC489 /* VKGroup.swift in Sources */,
				944732E81E463B4E009A0D59 /* VKRepostsInfo.swift in Sources */,
			);
			runOnlyForDeploymentPostprocessing = 0;
		};
/* End PBXSourcesBuildPhase section */

/* Begin PBXVariantGroup section */
		9482B84A1E45152200FDB398 /* Records.storyboard */ = {
			isa = PBXVariantGroup;
			children = (
				9482B84B1E45152200FDB398 /* Base */,
			);
			name = Records.storyboard;
			path = .;
			sourceTree = "<group>";
		};
		9482B84F1E45152200FDB398 /* LaunchScreen.storyboard */ = {
			isa = PBXVariantGroup;
			children = (
				9482B8501E45152200FDB398 /* Base */,
			);
			name = LaunchScreen.storyboard;
			path = .;
			sourceTree = "<group>";
		};
/* End PBXVariantGroup section */

/* Begin XCBuildConfiguration section */
		9482B8531E45152200FDB398 /* Debug */ = {
			isa = XCBuildConfiguration;
			buildSettings = {
				ALWAYS_SEARCH_USER_PATHS = NO;
				CLANG_ANALYZER_NONNULL = YES;
				CLANG_CXX_LANGUAGE_STANDARD = "gnu++0x";
				CLANG_CXX_LIBRARY = "libc++";
				CLANG_ENABLE_MODULES = YES;
				CLANG_ENABLE_OBJC_ARC = YES;
				CLANG_WARN_BOOL_CONVERSION = YES;
				CLANG_WARN_CONSTANT_CONVERSION = YES;
				CLANG_WARN_DIRECT_OBJC_ISA_USAGE = YES_ERROR;
				CLANG_WARN_DOCUMENTATION_COMMENTS = YES;
				CLANG_WARN_EMPTY_BODY = YES;
				CLANG_WARN_ENUM_CONVERSION = YES;
				CLANG_WARN_INFINITE_RECURSION = YES;
				CLANG_WARN_INT_CONVERSION = YES;
				CLANG_WARN_OBJC_ROOT_CLASS = YES_ERROR;
				CLANG_WARN_SUSPICIOUS_MOVE = YES;
				CLANG_WARN_UNREACHABLE_CODE = YES;
				CLANG_WARN__DUPLICATE_METHOD_MATCH = YES;
				"CODE_SIGN_IDENTITY[sdk=iphoneos*]" = "iPhone Developer";
				COPY_PHASE_STRIP = NO;
				DEBUG_INFORMATION_FORMAT = dwarf;
				ENABLE_STRICT_OBJC_MSGSEND = YES;
				ENABLE_TESTABILITY = YES;
				GCC_C_LANGUAGE_STANDARD = gnu99;
				GCC_DYNAMIC_NO_PIC = NO;
				GCC_NO_COMMON_BLOCKS = YES;
				GCC_OPTIMIZATION_LEVEL = 0;
				GCC_PREPROCESSOR_DEFINITIONS = (
					"DEBUG=1",
					"$(inherited)",
				);
				GCC_WARN_64_TO_32_BIT_CONVERSION = YES;
				GCC_WARN_ABOUT_RETURN_TYPE = YES_ERROR;
				GCC_WARN_UNDECLARED_SELECTOR = YES;
				GCC_WARN_UNINITIALIZED_AUTOS = YES_AGGRESSIVE;
				GCC_WARN_UNUSED_FUNCTION = YES;
				GCC_WARN_UNUSED_VARIABLE = YES;
				IPHONEOS_DEPLOYMENT_TARGET = 10.2;
				MTL_ENABLE_DEBUG_INFO = YES;
				ONLY_ACTIVE_ARCH = YES;
				SDKROOT = iphoneos;
				SWIFT_ACTIVE_COMPILATION_CONDITIONS = DEBUG;
				SWIFT_OPTIMIZATION_LEVEL = "-Onone";
			};
			name = Debug;
		};
		9482B8541E45152200FDB398 /* Release */ = {
			isa = XCBuildConfiguration;
			buildSettings = {
				ALWAYS_SEARCH_USER_PATHS = NO;
				CLANG_ANALYZER_NONNULL = YES;
				CLANG_CXX_LANGUAGE_STANDARD = "gnu++0x";
				CLANG_CXX_LIBRARY = "libc++";
				CLANG_ENABLE_MODULES = YES;
				CLANG_ENABLE_OBJC_ARC = YES;
				CLANG_WARN_BOOL_CONVERSION = YES;
				CLANG_WARN_CONSTANT_CONVERSION = YES;
				CLANG_WARN_DIRECT_OBJC_ISA_USAGE = YES_ERROR;
				CLANG_WARN_DOCUMENTATION_COMMENTS = YES;
				CLANG_WARN_EMPTY_BODY = YES;
				CLANG_WARN_ENUM_CONVERSION = YES;
				CLANG_WARN_INFINITE_RECURSION = YES;
				CLANG_WARN_INT_CONVERSION = YES;
				CLANG_WARN_OBJC_ROOT_CLASS = YES_ERROR;
				CLANG_WARN_SUSPICIOUS_MOVE = YES;
				CLANG_WARN_UNREACHABLE_CODE = YES;
				CLANG_WARN__DUPLICATE_METHOD_MATCH = YES;
				"CODE_SIGN_IDENTITY[sdk=iphoneos*]" = "iPhone Developer";
				COPY_PHASE_STRIP = NO;
				DEBUG_INFORMATION_FORMAT = "dwarf-with-dsym";
				ENABLE_NS_ASSERTIONS = NO;
				ENABLE_STRICT_OBJC_MSGSEND = YES;
				GCC_C_LANGUAGE_STANDARD = gnu99;
				GCC_NO_COMMON_BLOCKS = YES;
				GCC_WARN_64_TO_32_BIT_CONVERSION = YES;
				GCC_WARN_ABOUT_RETURN_TYPE = YES_ERROR;
				GCC_WARN_UNDECLARED_SELECTOR = YES;
				GCC_WARN_UNINITIALIZED_AUTOS = YES_AGGRESSIVE;
				GCC_WARN_UNUSED_FUNCTION = YES;
				GCC_WARN_UNUSED_VARIABLE = YES;
				IPHONEOS_DEPLOYMENT_TARGET = 10.2;
				MTL_ENABLE_DEBUG_INFO = NO;
				SDKROOT = iphoneos;
				SWIFT_OPTIMIZATION_LEVEL = "-Owholemodule";
				VALIDATE_PRODUCT = YES;
			};
			name = Release;
		};
		9482B8561E45152200FDB398 /* Debug */ = {
			isa = XCBuildConfiguration;
			baseConfigurationReference = 1B21D9AF5C26D42660618753 /* Pods-findOut.debug.xcconfig */;
			buildSettings = {
				ASSETCATALOG_COMPILER_APPICON_NAME = AppIcon;
				DEVELOPMENT_TEAM = HQ576M92UA;
				ENABLE_BITCODE = NO;
				INFOPLIST_FILE = "$(SRCROOT)/Supporting Files/Info.plist";
				LD_RUNPATH_SEARCH_PATHS = "$(inherited) @executable_path/Frameworks";
				PRODUCT_BUNDLE_IDENTIFIER = com.none.eggApp;
				PRODUCT_NAME = "$(TARGET_NAME)";
				SWIFT_VERSION = 3.0;
			};
			name = Debug;
		};
		9482B8571E45152200FDB398 /* Release */ = {
			isa = XCBuildConfiguration;
			baseConfigurationReference = 9EDAB7E963B76FA9D6F28122 /* Pods-findOut.release.xcconfig */;
			buildSettings = {
				ASSETCATALOG_COMPILER_APPICON_NAME = AppIcon;
				DEVELOPMENT_TEAM = HQ576M92UA;
				ENABLE_BITCODE = NO;
				INFOPLIST_FILE = "$(SRCROOT)/Supporting Files/Info.plist";
				LD_RUNPATH_SEARCH_PATHS = "$(inherited) @executable_path/Frameworks";
				PRODUCT_BUNDLE_IDENTIFIER = com.none.eggApp;
				PRODUCT_NAME = "$(TARGET_NAME)";
				SWIFT_VERSION = 3.0;
			};
			name = Release;
		};
/* End XCBuildConfiguration section */

/* Begin XCConfigurationList section */
		9482B83E1E45152200FDB398 /* Build configuration list for PBXProject "findOut" */ = {
			isa = XCConfigurationList;
			buildConfigurations = (
				9482B8531E45152200FDB398 /* Debug */,
				9482B8541E45152200FDB398 /* Release */,
			);
			defaultConfigurationIsVisible = 0;
			defaultConfigurationName = Release;
		};
		9482B8551E45152200FDB398 /* Build configuration list for PBXNativeTarget "findOut" */ = {
			isa = XCConfigurationList;
			buildConfigurations = (
				9482B8561E45152200FDB398 /* Debug */,
				9482B8571E45152200FDB398 /* Release */,
			);
			defaultConfigurationIsVisible = 0;
			defaultConfigurationName = Release;
		};
/* End XCConfigurationList section */
	};
	rootObject = 9482B83B1E45152200FDB398 /* Project object */;
}
